github.com/deckarep/golang-set/v2 v2.7.0 h1:gIloKvD7yH2oip4VLhsv3JyLLFnC0Y2mlusgcvJYW5k=
github.com/deckarep/golang-set/v2 v2.7.0/go.mod h1:VAky9rY/yGXJOLEDv3OMci+7wtDpOF4IN+y82NBOac4=
github.com/deckarep/golang-set/v2 v2.8.0 h1:swm0rlPCmdWn9mESxKOjWk8hXSqoxOp+ZlfuyaAdFlQ=
github.com/deckarep/golang-set/v2 v2.8.0/go.mod h1:VAky9rY/yGXJOLEDv3OMci+7wtDpOF4IN+y82NBOac4=
github.com/etnz/permute v1.0.2 h1:SLHc4egouLpm/sB5jv1xPSRFhi++PoDdG8n3/KWozbo=
github.com/etnz/permute v1.0.2/go.mod h1:v+8QNLHavTwYHo3baAja+FJVMBfWvTpD8Hw5P1fqiSw=
